
Microsoft Visual Studio Solution File, Format Version 12.00
# Visual Studio Version 17
VisualStudioVersion = 17.14.36414.22 d17.14
MinimumVisualStudioVersion = 10.0.40219.1
Project("{FAE04EC0-301F-11D3-BF4B-00C04F79EFBC}") = "AFP_Backend", "AFP_Backend\AFP_Backend.csproj", "{EE79BF04-E51F-48E2-B061-440C210F4543}"
EndProject
Global
	GlobalSection(SolutionConfigurationPlatforms) = preSolution
		Debug|Any CPU = Debug|Any CPU
		Release|Any CPU = Release|Any CPU
	EndGlobalSection
	GlobalSection(ProjectConfigurationPlatforms) = postSolution
		{EE79BF04-E51F-48E2-B061-440C210F4543}.Debug|Any CPU.ActiveCfg = Debug|Any CPU
		{EE79BF04-E51F-48E2-B061-440C210F4543}.Debug|Any CPU.Build.0 = Debug|Any CPU
		{EE79BF04-E51F-48E2-B061-440C210F4543}.Release|Any CPU.ActiveCfg = Release|Any CPU
		{EE79BF04-E51F-48E2-B061-440C210F4543}.Release|Any CPU.Build.0 = Release|Any CPU
	EndGlobalSection
	GlobalSection(SolutionProperties) = preSolution
		HideSolutionNode = FALSE
	EndGlobalSection
	GlobalSection(ExtensibilityGlobals) = postSolution
		SolutionGuid = {EFE9887E-8338-4AEF-B7AE-AEBD5AF7B94E}
	EndGlobalSection
EndGlobal
